# THIS IS AN AUTOGENERATED FILE. DO NOT EDIT THIS FILE DIRECTLY.
# yarn lockfile v1


async-validator@~1.8.1:
  version "1.8.2"
  resolved "http://registry.npm.taobao.org/async-validator/download/async-validator-1.8.2.tgz#b77597226e96242f8d531c0d46ae295f62422ba4"
  dependencies:
    babel-runtime "6.x"

babel-helper-vue-jsx-merge-props@^2.0.0:
  version "2.0.3"
  resolved "http://registry.npm.taobao.org/babel-helper-vue-jsx-merge-props/download/babel-helper-vue-jsx-merge-props-2.0.3.tgz#22aebd3b33902328e513293a8e4992b384f9f1b6"

babel-runtime@6.x:
  version "6.26.0"
  resolved "http://registry.npm.taobao.org/babel-runtime/download/babel-runtime-6.26.0.tgz#965c7058668e82b55d7bfe04ff2337bc8b5647fe"
  dependencies:
    core-js "^2.4.0"
    regenerator-runtime "^0.11.0"

core-js@^2.4.0:
  version "2.5.7"
  resolved "http://registry.npm.taobao.org/core-js/download/core-js-2.5.7.tgz#f972608ff0cead68b841a16a932d0b183791814e"

deepmerge@^1.2.0:
  version "1.5.2"
  resolved "http://registry.npm.taobao.org/deepmerge/download/deepmerge-1.5.2.tgz#10499d868844cdad4fee0842df8c7f6f0c95a753"

element-ui@^2.4.0:
  version "2.4.0"
  resolved "http://registry.npm.taobao.org/element-ui/download/element-ui-2.4.0.tgz#e586904e04886142a0d735c84e9595790ae5cbe3"
  dependencies:
    async-validator "~1.8.1"
    babel-helper-vue-jsx-merge-props "^2.0.0"
    deepmerge "^1.2.0"
    normalize-wheel "^1.0.1"
    resize-observer-polyfill "^1.5.0"
    throttle-debounce "^1.0.1"

normalize-wheel@^1.0.1:
  version "1.0.1"
  resolved "http://registry.npm.taobao.org/normalize-wheel/download/normalize-wheel-1.0.1.tgz#aec886affdb045070d856447df62ecf86146ec45"

regenerator-runtime@^0.11.0:
  version "0.11.1"
  resolved "http://registry.npm.taobao.org/regenerator-runtime/download/regenerator-runtime-0.11.1.tgz#be05ad7f9bf7d22e056f9726cee5017fbf19e2e9"

resize-observer-polyfill@^1.5.0:
  version "1.5.0"
  resolved "http://registry.npm.taobao.org/resize-observer-polyfill/download/resize-observer-polyfill-1.5.0.tgz#660ff1d9712a2382baa2cad450a4716209f9ca69"

throttle-debounce@^1.0.1:
  version "1.0.1"
  resolved "http://registry.npm.taobao.org/throttle-debounce/download/throttle-debounce-1.0.1.tgz#dad0fe130f9daf3719fdea33dc36a8e6ba7f30b5"
